{
  "name": "neo4j-productionflow-ui",
  "version": "1.0.0",
  "lockfileVersion": 1,
  "requires": true,
  "dependencies": {
    "@babel/runtime": {
      "version": "7.8.4",
      "resolved": "https://registry.npmjs.org/@babel/runtime/-/runtime-7.8.4.tgz",
      "integrity": "sha512-neAp3zt80trRVBI1x0azq6c57aNBqYZH8KhMm3TaB7wEI5Q4A2SHfBHE8w9gOhI/lrqxtEbXZgQIrHP+wvSGwQ==",
      "requires": {
        "regenerator-runtime": "^0.13.2"
      }
    },
    "@babel/runtime-corejs3": {
      "version": "7.8.4",
      "resolved": "https://registry.npmjs.org/@babel/runtime-corejs3/-/runtime-corejs3-7.8.4.tgz",
      "integrity": "sha512-+wpLqy5+fbQhvbllvlJEVRIpYj+COUWnnsm+I4jZlA8Lo7/MJmBhGTCHyk1/RWfOqBRJ2MbadddG6QltTKTlrg==",
      "requires": {
        "core-js-pure": "^3.0.0",
        "regenerator-runtime": "^0.13.2"
      }
    },
    "core-js-pure": {
      "version": "3.6.4",
      "resolved": "https://registry.npmjs.org/core-js-pure/-/core-js-pure-3.6.4.tgz",
      "integrity": "sha512-epIhRLkXdgv32xIUFaaAry2wdxZYBi6bgM7cB136dzzXXa+dFyRLTZeLUJxnd8ShrmyVXBub63n2NHo2JAt8Cw=="
    },
    "emitter-component": {
      "version": "1.1.1",
      "resolved": "https://registry.npmjs.org/emitter-component/-/emitter-component-1.1.1.tgz",
      "integrity": "sha1-Bl4tvtaVm/RwZ57avq95gdEAOrY="
    },
    "hammerjs": {
      "version": "2.0.8",
      "resolved": "https://registry.npmjs.org/hammerjs/-/hammerjs-2.0.8.tgz",
      "integrity": "sha1-BO93hiz/K7edMPdpIJWTAiK/YPE="
    },
    "keycharm": {
      "version": "0.2.0",
      "resolved": "https://registry.npmjs.org/keycharm/-/keycharm-0.2.0.tgz",
      "integrity": "sha1-+m6i5DuQpoAohD0n8gddNajD5vk="
    },
    "moment": {
      "version": "2.24.0",
      "resolved": "https://registry.npmjs.org/moment/-/moment-2.24.0.tgz",
      "integrity": "sha512-bV7f+6l2QigeBBZSM/6yTNq4P2fNpSWj/0e7jQcy87A8e7o2nAfP/34/2ky5Vw4B9S446EtIhodAzkFCcR4dQg=="
    },
    "neo4j-driver": {
      "version": "1.7.6",
      "resolved": "https://registry.npmjs.org/neo4j-driver/-/neo4j-driver-1.7.6.tgz",
      "integrity": "sha512-6c3ALO3vYDfUqNoCy8OFzq+fQ7q/ab3LCuJrmm8P04M7RmyRCCnUtJ8IzSTGbiZvyhcehGK+azNDAEJhxPV/hA==",
      "requires": {
        "@babel/runtime": "^7.5.5",
        "text-encoding-utf-8": "^1.0.2",
        "uri-js": "^4.2.2"
      }
    },
    "neovis.js": {
      "version": "1.2.1",
      "resolved": "https://registry.npmjs.org/neovis.js/-/neovis.js-1.2.1.tgz",
      "integrity": "sha512-4282OUB/qT5ucC6y2XojynubArQ8DjX4vPn01rsW+gE7/L84pJgLG1+xA3ftXwCoYlpDQCSp+hESActA1Wff8Q==",
      "requires": {
        "@babel/runtime-corejs3": "^7.6.2",
        "neo4j-driver": "^1.7.5",
        "vis": "^4.21.0"
      }
    },
    "propagating-hammerjs": {
      "version": "1.4.7",
      "resolved": "https://registry.npmjs.org/propagating-hammerjs/-/propagating-hammerjs-1.4.7.tgz",
      "integrity": "sha512-oW9Wd+W2Tp5uOz6Fh4mEU7p+FoyU85smLH/mPga83Loh0pHa6AH4ZHGywvwMk3TWP31l7iUsvJyW265p4Ipwrg==",
      "requires": {
        "hammerjs": "^2.0.8"
      }
    },
    "punycode": {
      "version": "2.1.1",
      "resolved": "https://registry.npmjs.org/punycode/-/punycode-2.1.1.tgz",
      "integrity": "sha512-XRsRjdf+j5ml+y/6GKHPZbrF/8p2Yga0JPtdqTIY2Xe5ohJPD9saDJJLPvp9+NSBprVvevdXZybnj2cv8OEd0A=="
    },
    "regenerator-runtime": {
      "version": "0.13.3",
      "resolved": "https://registry.npmjs.org/regenerator-runtime/-/regenerator-runtime-0.13.3.tgz",
      "integrity": "sha512-naKIZz2GQ8JWh///G7L3X6LaQUAMp2lvb1rvwwsURe/VXwD6VMfr+/1NuNw3ag8v2kY1aQ/go5SNn79O9JU7yw=="
    },
    "text-encoding-utf-8": {
      "version": "1.0.2",
      "resolved": "https://registry.npmjs.org/text-encoding-utf-8/-/text-encoding-utf-8-1.0.2.tgz",
      "integrity": "sha512-8bw4MY9WjdsD2aMtO0OzOCY3pXGYNx2d2FfHRVUKkiCPDWjKuOlhLVASS+pD7VkLTVjW268LYJHwsnPFlBpbAg=="
    },
    "uri-js": {
      "version": "4.2.2",
      "resolved": "https://registry.npmjs.org/uri-js/-/uri-js-4.2.2.tgz",
      "integrity": "sha512-KY9Frmirql91X2Qgjry0Wd4Y+YTdrdZheS8TFwvkbLWf/G5KNJDCh6pKL5OZctEW4+0Baa5idK2ZQuELRwPznQ==",
      "requires": {
        "punycode": "^2.1.0"
      }
    },
    "vis": {
      "version": "4.21.0",
      "resolved": "https://registry.npmjs.org/vis/-/vis-4.21.0.tgz",
      "integrity": "sha1-3XFji/9/ZJXQC8n0DCU1JhM97Ws=",
      "requires": {
        "emitter-component": "^1.1.1",
        "hammerjs": "^2.0.8",
        "keycharm": "^0.2.0",
        "moment": "^2.18.1",
        "propagating-hammerjs": "^1.4.6"
      }
    }
  }
}
